
Microsoft Visual Studio Solution File, Format Version 12.00
# Visual Studio Version 17
VisualStudioVersion = 17.7.34221.43
MinimumVisualStudioVersion = 10.0.40219.1
Project("{FAE04EC0-301F-11D3-BF4B-00C04F79EFBC}") = "fib", "part1\fib.csproj", "{9D6BB759-0DEE-48F3-8C94-9DDEBA78CF4D}"
EndProject
Global
	GlobalSection(SolutionConfigurationPlatforms) = preSolution
		Debug|Any CPU = Debug|Any CPU
		Release|Any CPU = Release|Any CPU
	EndGlobalSection
	GlobalSection(ProjectConfigurationPlatforms) = postSolution
		{9D6BB759-0DEE-48F3-8C94-9DDEBA78CF4D}.Debug|Any CPU.ActiveCfg = Debug|Any CPU
		{9D6BB759-0DEE-48F3-8C94-9DDEBA78CF4D}.Debug|Any CPU.Build.0 = Debug|Any CPU
		{9D6BB759-0DEE-48F3-8C94-9DDEBA78CF4D}.Release|Any CPU.ActiveCfg = Release|Any CPU
		{9D6BB759-0DEE-48F3-8C94-9DDEBA78CF4D}.Release|Any CPU.Build.0 = Release|Any CPU
	EndGlobalSection
	GlobalSection(SolutionProperties) = preSolution
		HideSolutionNode = FALSE
	EndGlobalSection
	GlobalSection(ExtensibilityGlobals) = postSolution
		SolutionGuid = {11E925DA-B577-4BCD-8596-EE8C9502A0C4}
	EndGlobalSection
EndGlobal
